
Microsoft Visual Studio Solution File, Format Version 12.00
# Visual Studio Version 16
VisualStudioVersion = 16.0.30001.183
MinimumVisualStudioVersion = 10.0.40219.1
Project("{FAE04EC0-301F-11D3-BF4B-00C04F79EFBC}") = "ThreadMonitor", "ThreadMonitor\ThreadMonitor.csproj", "{7CDE6893-93DE-4839-97AE-CE4AC14C40EB}"
EndProject
Global
	GlobalSection(SolutionConfigurationPlatforms) = preSolution
		Debug|Any CPU = Debug|Any CPU
		Release|Any CPU = Release|Any CPU
	EndGlobalSection
	GlobalSection(ProjectConfigurationPlatforms) = postSolution
		{7CDE6893-93DE-4839-97AE-CE4AC14C40EB}.Debug|Any CPU.ActiveCfg = Debug|Any CPU
		{7CDE6893-93DE-4839-97AE-CE4AC14C40EB}.Debug|Any CPU.Build.0 = Debug|Any CPU
		{7CDE6893-93DE-4839-97AE-CE4AC14C40EB}.Release|Any CPU.ActiveCfg = Release|Any CPU
		{7CDE6893-93DE-4839-97AE-CE4AC14C40EB}.Release|Any CPU.Build.0 = Release|Any CPU
	EndGlobalSection
	GlobalSection(SolutionProperties) = preSolution
		HideSolutionNode = FALSE
	EndGlobalSection
	GlobalSection(ExtensibilityGlobals) = postSolution
		SolutionGuid = {C0B18197-1A7C-4A7B-A087-109E7265EB32}
	EndGlobalSection
EndGlobal
